// !$*UTF8*$!
{
	archiveVersion = 1;
	classes = {
	};
	objectVersion = 55;
	objects = {

/* Begin PBXBuildFile section */
		25170EAF2889B649005EA984 /* AppDelegate.swift in Sources */ = {isa = PBXBuildFile; fileRef = 25170EAE2889B649005EA984 /* AppDelegate.swift */; };
		25170EB12889B649005EA984 /* SceneDelegate.swift in Sources */ = {isa = PBXBuildFile; fileRef = 25170EB02889B649005EA984 /* SceneDelegate.swift */; };
		25170EB32889B649005EA984 /* ViewController.swift in Sources */ = {isa = PBXBuildFile; fileRef = 25170EB22889B649005EA984 /* ViewController.swift */; };
		25170EB62889B649005EA984 /* Main.storyboard in Resources */ = {isa = PBXBuildFile; fileRef = 25170EB42889B649005EA984 /* Main.storyboard */; };
		25170EB82889B64A005EA984 /* Assets.xcassets in Resources */ = {isa = PBXBuildFile; fileRef = 25170EB72889B64A005EA984 /* Assets.xcassets */; };
		25170EBB2889B64A005EA984 /* LaunchScreen.storyboard in Resources */ = {isa = PBXBuildFile; fileRef = 25170EB92889B64A005EA984 /* LaunchScreen.storyboard */; };
		25170EC62889BBF7005EA984 /* ListTVC.swift in Sources */ = {isa = PBXBuildFile; fileRef = 25170EC52889BBF7005EA984 /* ListTVC.swift */; };
		25170EC82889BC0F005EA984 /* Alert.swift in Sources */ = {isa = PBXBuildFile; fileRef = 25170EC72889BC0F005EA984 /* Alert.swift */; };
		25170ECA2889BC61005EA984 /* getCoordinate.swift in Sources */ = {isa = PBXBuildFile; fileRef = 25170EC92889BC61005EA984 /* getCoordinate.swift */; };
		EF9F8E2C7BAF155A05BA6C0B /* Pods_MapkitTest.framework in Frameworks */ = {isa = PBXBuildFile; fileRef = 105B2D4CCD92FD572360D298 /* Pods_MapkitTest.framework */; };
/* End PBXBuildFile section */

/* Begin PBXFileReference section */
		105B2D4CCD92FD572360D298 /* Pods_MapkitTest.framework */ = {isa = PBXFileReference; explicitFileType = wrapper.framework; includeInIndex = 0; path = Pods_MapkitTest.framework; sourceTree = BUILT_PRODUCTS_DIR; };
		25170EAB2889B649005EA984 /* MapkitTest.app */ = {isa = PBXFileReference; explicitFileType = wrapper.application; includeInIndex = 0; path = MapkitTest.app; sourceTree = BUILT_PRODUCTS_DIR; };
		25170EAE2889B649005EA984 /* AppDelegate.swift */ = {isa = PBXFileReference; lastKnownFileType = sourcecode.swift; path = AppDelegate.swift; sourceTree = "<group>"; };
		25170EB02889B649005EA984 /* SceneDelegate.swift */ = {isa = PBXFileReference; lastKnownFileType = sourcecode.swift; path = SceneDelegate.swift; sourceTree = "<group>"; };
		25170EB22889B649005EA984 /* ViewController.swift */ = {isa = PBXFileReference; lastKnownFileType = sourcecode.swift; path = ViewController.swift; sourceTree = "<group>"; };
		25170EB52889B649005EA984 /* Base */ = {isa = PBXFileReference; lastKnownFileType = file.storyboard; name = Base; path = Base.lproj/Main.storyboard; sourceTree = "<group>"; };
		25170EB72889B64A005EA984 /* Assets.xcassets */ = {isa = PBXFileReference; lastKnownFileType = folder.assetcatalog; path = Assets.xcassets; sourceTree = "<group>"; };
		25170EBA2889B64A005EA984 /* Base */ = {isa = PBXFileReference; lastKnownFileType = file.storyboard; name = Base; path = Base.lproj/LaunchScreen.storyboard; sourceTree = "<group>"; };
		25170EBC2889B64A005EA984 /* Info.plist */ = {isa = PBXFileReference; lastKnownFileType = text.plist.xml; path = Info.plist; sourceTree = "<group>"; };
		25170EC52889BBF7005EA984 /* ListTVC.swift */ = {isa = PBXFileReference; lastKnownFileType = sourcecode.swift; path = ListTVC.swift; sourceTree = "<group>"; };
		25170EC72889BC0F005EA984 /* Alert.swift */ = {isa = PBXFileReference; lastKnownFileType = sourcecode.swift; path = Alert.swift; sourceTree = "<group>"; };
		25170EC92889BC61005EA984 /* getCoordinate.swift */ = {isa = PBXFileReference; lastKnownFileType = sourcecode.swift; path = getCoordinate.swift; sourceTree = "<group>"; };
		974D697E58937B7C6C82491B /* Pods-MapkitTest.release.xcconfig */ = {isa = PBXFileReference; includeInIndex = 1; lastKnownFileType = text.xcconfig; name = "Pods-MapkitTest.release.xcconfig"; path = "Target Support Files/Pods-MapkitTest/Pods-MapkitTest.release.xcconfig"; sourceTree = "<group>"; };
		E02BF4D225E0EE28537E1942 /* Pods-MapkitTest.debug.xcconfig */ = {isa = PBXFileReference; includeInIndex = 1; lastKnownFileType = text.xcconfig; name = "Pods-MapkitTest.debug.xcconfig"; path = "Target Support Files/Pods-MapkitTest/Pods-MapkitTest.debug.xcconfig"; sourceTree = "<group>"; };
/* End PBXFileReference section */

/* Begin PBXFrameworksBuildPhase section */
		25170EA82889B649005EA984 /* Frameworks */ = {
			isa = PBXFrameworksBuildPhase;
			buildActionMask = 2147483647;
			files = (
				EF9F8E2C7BAF155A05BA6C0B /* Pods_MapkitTest.framework in Frameworks */,
			);
			runOnlyForDeploymentPostprocessing = 0;
		};
/* End PBXFrameworksBuildPhase section */

/* Begin PBXGroup section */
		25170EA22889B649005EA984 = {
			isa = PBXGroup;
			children = (
				25170EAD2889B649005EA984 /* MapkitTest */,
				25170EAC2889B649005EA984 /* Products */,
				B2C7CD4D3449AF9EF9F12281 /* Pods */,
				E347953FD56A4DD4F2837D10 /* Frameworks */,
			);
			sourceTree = "<group>";
		};
		25170EAC2889B649005EA984 /* Products */ = {
			isa = PBXGroup;
			children = (
				25170EAB2889B649005EA984 /* MapkitTest.app */,
			);
			name = Products;
			sourceTree = "<group>";
		};
		25170EAD2889B649005EA984 /* MapkitTest */ = {
			isa = PBXGroup;
			children = (
				25170EAE2889B649005EA984 /* AppDelegate.swift */,
				25170EB02889B649005EA984 /* SceneDelegate.swift */,
				25170EC42889B66E005EA984 /* Model */,
				25170EC32889B668005EA984 /* View */,
				25170EC22889B65A005EA984 /* Controller */,
				25170EB72889B64A005EA984 /* Assets.xcassets */,
				25170EB92889B64A005EA984 /* LaunchScreen.storyboard */,
				25170EBC2889B64A005EA984 /* Info.plist */,
			);
			path = MapkitTest;
			sourceTree = "<group>";
		};
		25170EC22889B65A005EA984 /* Controller */ = {
			isa = PBXGroup;
			children = (
				25170EB22889B649005EA984 /* ViewController.swift */,
				25170EC52889BBF7005EA984 /* ListTVC.swift */,
			);
			path = Controller;
			sourceTree = "<group>";
		};
		25170EC32889B668005EA984 /* View */ = {
			isa = PBXGroup;
			children = (
				25170EB42889B649005EA984 /* Main.storyboard */,
			);
			path = View;
			sourceTree = "<group>";
		};
		25170EC42889B66E005EA984 /* Model */ = {
			isa = PBXGroup;
			children = (
				25170EC72889BC0F005EA984 /* Alert.swift */,
				25170EC92889BC61005EA984 /* getCoordinate.swift */,
			);
			path = Model;
			sourceTree = "<group>";
		};
		B2C7CD4D3449AF9EF9F12281 /* Pods */ = {
			isa = PBXGroup;
			children = (
				E02BF4D225E0EE28537E1942 /* Pods-MapkitTest.debug.xcconfig */,
				974D697E58937B7C6C82491B /* Pods-MapkitTest.release.xcconfig */,
			);
			path = Pods;
			sourceTree = "<group>";
		};
		E347953FD56A4DD4F2837D10 /* Frameworks */ = {
			isa = PBXGroup;
			children = (
				105B2D4CCD92FD572360D298 /* Pods_MapkitTest.framework */,
			);
			name = Frameworks;
			sourceTree = "<group>";
		};
/* End PBXGroup section */

/* Begin PBXNativeTarget section */
		25170EAA2889B649005EA984 /* MapkitTest */ = {
			isa = PBXNativeTarget;
			buildConfigurationList = 25170EBF2889B64A005EA984 /* Build configuration list for PBXNativeTarget "MapkitTest" */;
			buildPhases = (
				98C6B315CB189B033AE99943 /* [CP] Check Pods Manifest.lock */,
				25170EA72889B649005EA984 /* Sources */,
				25170EA82889B649005EA984 /* Frameworks */,
				25170EA92889B649005EA984 /* Resources */,
				1CC3631437E0C1A094E282BE /* [CP] Embed Pods Frameworks */,
			);
			buildRules = (
			);
			dependencies = (
			);
			name = MapkitTest;
			productName = MapkitTest;
			productReference = 25170EAB2889B649005EA984 /* MapkitTest.app */;
			productType = "com.apple.product-type.application";
		};
/* End PBXNativeTarget section */

/* Begin PBXProject section */
		25170EA32889B649005EA984 /* Project object */ = {
			isa = PBXProject;
			attributes = {
				BuildIndependentTargetsInParallel = 1;
				LastSwiftUpdateCheck = 1310;
				LastUpgradeCheck = 1310;
				TargetAttributes = {
					25170EAA2889B649005EA984 = {
						CreatedOnToolsVersion = 13.1;
					};
				};
			};
			buildConfigurationList = 25170EA62889B649005EA984 /* Build configuration list for PBXProject "MapkitTest" */;
			compatibilityVersion = "Xcode 13.0";
			developmentRegion = en;
			hasScannedForEncodings = 0;
			knownRegions = (
				en,
				Base,
			);
			mainGroup = 25170EA22889B649005EA984;
			productRefGroup = 25170EAC2889B649005EA984 /* Products */;
			projectDirPath = "";
			projectRoot = "";
			targets = (
				25170EAA2889B649005EA984 /* MapkitTest */,
			);
		};
/* End PBXProject section */

/* Begin PBXResourcesBuildPhase section */
		25170EA92889B649005EA984 /* Resources */ = {
			isa = PBXResourcesBuildPhase;
			buildActionMask = 2147483647;
			files = (
				25170EBB2889B64A005EA984 /* LaunchScreen.storyboard in Resources */,
				25170EB82889B64A005EA984 /* Assets.xcassets in Resources */,
				25170EB62889B649005EA984 /* Main.storyboard in Resources */,
			);
			runOnlyForDeploymentPostprocessing = 0;
		};
/* End PBXResourcesBuildPhase section */

/* Begin PBXShellScriptBuildPhase section */
		1CC3631437E0C1A094E282BE /* [CP] Embed Pods Frameworks */ = {
			isa = PBXShellScriptBuildPhase;
			buildActionMask = 2147483647;
			files = (
			);
			inputFileListPaths = (
				"${PODS_ROOT}/Target Support Files/Pods-MapkitTest/Pods-MapkitTest-frameworks-${CONFIGURATION}-input-files.xcfilelist",
			);
			name = "[CP] Embed Pods Frameworks";
			outputFileListPaths = (
				"${PODS_ROOT}/Target Support Files/Pods-MapkitTest/Pods-MapkitTest-frameworks-${CONFIGURATION}-output-files.xcfilelist",
			);
			runOnlyForDeploymentPostprocessing = 0;
			shellPath = /bin/sh;
			shellScript = "\"${PODS_ROOT}/Target Support Files/Pods-MapkitTest/Pods-MapkitTest-frameworks.sh\"\n";
			showEnvVarsInLog = 0;
		};
		98C6B315CB189B033AE99943 /* [CP] Check Pods Manifest.lock */ = {
			isa = PBXShellScriptBuildPhase;
			buildActionMask = 2147483647;
			files = (
			);
			inputFileListPaths = (
			);
			inputPaths = (
				"${PODS_PODFILE_DIR_PATH}/Podfile.lock",
				"${PODS_ROOT}/Manifest.lock",
			);
			name = "[CP] Check Pods Manifest.lock";
			outputFileListPaths = (
			);
			outputPaths = (
				"$(DERIVED_FILE_DIR)/Pods-MapkitTest-checkManifestLockResult.txt",
			);
			runOnlyForDeploymentPostprocessing = 0;
			shellPath = /bin/sh;
			shellScript = "diff \"${PODS_PODFILE_DIR_PATH}/Podfile.lock\" \"${PODS_ROOT}/Manifest.lock\" > /dev/null\nif [ $? != 0 ] ; then\n    # print error to STDERR\n    echo \"error: The sandbox is not in sync with the Podfile.lock. Run 'pod install' or update your CocoaPods installation.\" >&2\n    exit 1\nfi\n# This output is used by Xcode 'outputs' to avoid re-running this script phase.\necho \"SUCCESS\" > \"${SCRIPT_OUTPUT_FILE_0}\"\n";
			showEnvVarsInLog = 0;
		};
/* End PBXShellScriptBuildPhase section */

/* Begin PBXSourcesBuildPhase section */
		25170EA72889B649005EA984 /* Sources */ = {
			isa = PBXSourcesBuildPhase;
			buildActionMask = 2147483647;
			files = (
				25170EB32889B649005EA984 /* ViewController.swift in Sources */,
				25170EC62889BBF7005EA984 /* ListTVC.swift in Sources */,
				25170EAF2889B649005EA984 /* AppDelegate.swift in Sources */,
				25170EC82889BC0F005EA984 /* Alert.swift in Sources */,
				25170ECA2889BC61005EA984 /* getCoordinate.swift in Sources */,
				25170EB12889B649005EA984 /* SceneDelegate.swift in Sources */,
			);
			runOnlyForDeploymentPostprocessing = 0;
		};
/* End PBXSourcesBuildPhase section */

/* Begin PBXVariantGroup section */
		25170EB42889B649005EA984 /* Main.storyboard */ = {
			isa = PBXVariantGroup;
			children = (
				25170EB52889B649005EA984 /* Base */,
			);
			name = Main.storyboard;
			sourceTree = "<group>";
		};
		25170EB92889B64A005EA984 /* LaunchScreen.storyboard */ = {
			isa = PBXVariantGroup;
			children = (
				25170EBA2889B64A005EA984 /* Base */,
			);
			name = LaunchScreen.storyboard;
			sourceTree = "<group>";
		};
/* End PBXVariantGroup section */

/* Begin XCBuildConfiguration section */
		25170EBD2889B64A005EA984 /* Debug */ = {
			isa = XCBuildConfiguration;
			buildSettings = {
				ALWAYS_SEARCH_USER_PATHS = NO;
				CLANG_ANALYZER_NONNULL = YES;
				CLANG_ANALYZER_NUMBER_OBJECT_CONVERSION = YES_AGGRESSIVE;
				CLANG_CXX_LANGUAGE_STANDARD = "gnu++17";
				CLANG_CXX_LIBRARY = "libc++";
				CLANG_ENABLE_MODULES = YES;
				CLANG_ENABLE_OBJC_ARC = YES;
				CLANG_ENABLE_OBJC_WEAK = YES;
				CLANG_WARN_BLOCK_CAPTURE_AUTORELEASING = YES;
				CLANG_WARN_BOOL_CONVERSION = YES;
				CLANG_WARN_COMMA = YES;
				CLANG_WARN_CONSTANT_CONVERSION = YES;
				CLANG_WARN_DEPRECATED_OBJC_IMPLEMENTATIONS = YES;
				CLANG_WARN_DIRECT_OBJC_ISA_USAGE = YES_ERROR;
				CLANG_WARN_DOCUMENTATION_COMMENTS = YES;
				CLANG_WARN_EMPTY_BODY = YES;
				CLANG_WARN_ENUM_CONVERSION = YES;
				CLANG_WARN_INFINITE_RECURSION = YES;
				CLANG_WARN_INT_CONVERSION = YES;
				CLANG_WARN_NON_LITERAL_NULL_CONVERSION = YES;
				CLANG_WARN_OBJC_IMPLICIT_RETAIN_SELF = YES;
				CLANG_WARN_OBJC_LITERAL_CONVERSION = YES;
				CLANG_WARN_OBJC_ROOT_CLASS = YES_ERROR;
				CLANG_WARN_QUOTED_INCLUDE_IN_FRAMEWORK_HEADER = YES;
				CLANG_WARN_RANGE_LOOP_ANALYSIS = YES;
				CLANG_WARN_STRICT_PROTOTYPES = YES;
				CLANG_WARN_SUSPICIOUS_MOVE = YES;
				CLANG_WARN_UNGUARDED_AVAILABILITY = YES_AGGRESSIVE;
				CLANG_WARN_UNREACHABLE_CODE = YES;
				CLANG_WARN__DUPLICATE_METHOD_MATCH = YES;
				COPY_PHASE_STRIP = NO;
				DEBUG_INFORMATION_FORMAT = dwarf;
				ENABLE_STRICT_OBJC_MSGSEND = YES;
				ENABLE_TESTABILITY = YES;
				GCC_C_LANGUAGE_STANDARD = gnu11;
				GCC_DYNAMIC_NO_PIC = NO;
				GCC_NO_COMMON_BLOCKS = YES;
				GCC_OPTIMIZATION_LEVEL = 0;
				GCC_PREPROCESSOR_DEFINITIONS = (
					"DEBUG=1",
					"$(inherited)",
				);
				GCC_WARN_64_TO_32_BIT_CONVERSION = YES;
				GCC_WARN_ABOUT_RETURN_TYPE = YES_ERROR;
				GCC_WARN_UNDECLARED_SELECTOR = YES;
				GCC_WARN_UNINITIALIZED_AUTOS = YES_AGGRESSIVE;
				GCC_WARN_UNUSED_FUNCTION = YES;
				GCC_WARN_UNUSED_VARIABLE = YES;
				IPHONEOS_DEPLOYMENT_TARGET = 15.0;
				MTL_ENABLE_DEBUG_INFO = INCLUDE_SOURCE;
				MTL_FAST_MATH = YES;
				ONLY_ACTIVE_ARCH = YES;
				SDKROOT = iphoneos;
				SWIFT_ACTIVE_COMPILATION_CONDITIONS = DEBUG;
				SWIFT_OPTIMIZATION_LEVEL = "-Onone";
			};
			name = Debug;
		};
		25170EBE2889B64A005EA984 /* Release */ = {
			isa = XCBuildConfiguration;
			buildSettings = {
				ALWAYS_SEARCH_USER_PATHS = NO;
				CLANG_ANALYZER_NONNULL = YES;
				CLANG_ANALYZER_NUMBER_OBJECT_CONVERSION = YES_AGGRESSIVE;
				CLANG_CXX_LANGUAGE_STANDARD = "gnu++17";
				CLANG_CXX_LIBRARY = "libc++";
				CLANG_ENABLE_MODULES = YES;
				CLANG_ENABLE_OBJC_ARC = YES;
				CLANG_ENABLE_OBJC_WEAK = YES;
				CLANG_WARN_BLOCK_CAPTURE_AUTORELEASING = YES;
				CLANG_WARN_BOOL_CONVERSION = YES;
				CLANG_WARN_COMMA = YES;
				CLANG_WARN_CONSTANT_CONVERSION = YES;
				CLANG_WARN_DEPRECATED_OBJC_IMPLEMENTATIONS = YES;
				CLANG_WARN_DIRECT_OBJC_ISA_USAGE = YES_ERROR;
				CLANG_WARN_DOCUMENTATION_COMMENTS = YES;
				CLANG_WARN_EMPTY_BODY = YES;
				CLANG_WARN_ENUM_CONVERSION = YES;
				CLANG_WARN_INFINITE_RECURSION = YES;
				CLANG_WARN_INT_CONVERSION = YES;
				CLANG_WARN_NON_LITERAL_NULL_CONVERSION = YES;
				CLANG_WARN_OBJC_IMPLICIT_RETAIN_SELF = YES;
				CLANG_WARN_OBJC_LITERAL_CONVERSION = YES;
				CLANG_WARN_OBJC_ROOT_CLASS = YES_ERROR;
				CLANG_WARN_QUOTED_INCLUDE_IN_FRAMEWORK_HEADER = YES;
				CLANG_WARN_RANGE_LOOP_ANALYSIS = YES;
				CLANG_WARN_STRICT_PROTOTYPES = YES;
				CLANG_WARN_SUSPICIOUS_MOVE = YES;
				CLANG_WARN_UNGUARDED_AVAILABILITY = YES_AGGRESSIVE;
				CLANG_WARN_UNREACHABLE_CODE = YES;
				CLANG_WARN__DUPLICATE_METHOD_MATCH = YES;
				COPY_PHASE_STRIP = NO;
				DEBUG_INFORMATION_FORMAT = "dwarf-with-dsym";
				ENABLE_NS_ASSERTIONS = NO;
				ENABLE_STRICT_OBJC_MSGSEND = YES;
				GCC_C_LANGUAGE_STANDARD = gnu11;
				GCC_NO_COMMON_BLOCKS = YES;
				GCC_WARN_64_TO_32_BIT_CONVERSION = YES;
				GCC_WARN_ABOUT_RETURN_TYPE = YES_ERROR;
				GCC_WARN_UNDECLARED_SELECTOR = YES;
				GCC_WARN_UNINITIALIZED_AUTOS = YES_AGGRESSIVE;
				GCC_WARN_UNUSED_FUNCTION = YES;
				GCC_WARN_UNUSED_VARIABLE = YES;
				IPHONEOS_DEPLOYMENT_TARGET = 15.0;
				MTL_ENABLE_DEBUG_INFO = NO;
				MTL_FAST_MATH = YES;
				SDKROOT = iphoneos;
				SWIFT_COMPILATION_MODE = wholemodule;
				SWIFT_OPTIMIZATION_LEVEL = "-O";
				VALIDATE_PRODUCT = YES;
			};
			name = Release;
		};
		25170EC02889B64A005EA984 /* Debug */ = {
			isa = XCBuildConfiguration;
			baseConfigurationReference = E02BF4D225E0EE28537E1942 /* Pods-MapkitTest.debug.xcconfig */;
			buildSettings = {
				ASSETCATALOG_COMPILER_APPICON_NAME = AppIcon;
				ASSETCATALOG_COMPILER_GLOBAL_ACCENT_COLOR_NAME = AccentColor;
				CODE_SIGN_STYLE = Automatic;
				CURRENT_PROJECT_VERSION = 1;
				DEVELOPMENT_TEAM = MMUQ73B89T;
				GENERATE_INFOPLIST_FILE = YES;
				INFOPLIST_FILE = MapkitTest/Info.plist;
				INFOPLIST_KEY_UIApplicationSupportsIndirectInputEvents = YES;
				INFOPLIST_KEY_UILaunchStoryboardName = LaunchScreen;
				INFOPLIST_KEY_UIMainStoryboardFile = Main;
				INFOPLIST_KEY_UISupportedInterfaceOrientations_iPad = "UIInterfaceOrientationPortrait UIInterfaceOrientationPortraitUpsideDown UIInterfaceOrientationLandscapeLeft UIInterfaceOrientationLandscapeRight";
				INFOPLIST_KEY_UISupportedInterfaceOrientations_iPhone = "UIInterfaceOrientationPortrait UIInterfaceOrientationLandscapeLeft UIInterfaceOrientationLandscapeRight";
				LD_RUNPATH_SEARCH_PATHS = (
					"$(inherited)",
					"@executable_path/Frameworks",
				);
				MARKETING_VERSION = 1.0;
				PRODUCT_BUNDLE_IDENTIFIER = com.Ibrahim.MapkitTest;
				PRODUCT_NAME = "$(TARGET_NAME)";
				SWIFT_EMIT_LOC_STRINGS = YES;
				SWIFT_VERSION = 5.0;
				TARGETED_DEVICE_FAMILY = "1,2";
			};
			name = Debug;
		};
		25170EC12889B64A005EA984 /* Release */ = {
			isa = XCBuildConfiguration;
			baseConfigurationReference = 974D697E58937B7C6C82491B /* Pods-MapkitTest.release.xcconfig */;
			buildSettings = {
				ASSETCATALOG_COMPILER_APPICON_NAME = AppIcon;
				ASSETCATALOG_COMPILER_GLOBAL_ACCENT_COLOR_NAME = AccentColor;
				CODE_SIGN_STYLE = Automatic;
				CURRENT_PROJECT_VERSION = 1;
				DEVELOPMENT_TEAM = MMUQ73B89T;
				GENERATE_INFOPLIST_FILE = YES;
				INFOPLIST_FILE = MapkitTest/Info.plist;
				INFOPLIST_KEY_UIApplicationSupportsIndirectInputEvents = YES;
				INFOPLIST_KEY_UILaunchStoryboardName = LaunchScreen;
				INFOPLIST_KEY_UIMainStoryboardFile = Main;
				INFOPLIST_KEY_UISupportedInterfaceOrientations_iPad = "UIInterfaceOrientationPortrait UIInterfaceOrientationPortraitUpsideDown UIInterfaceOrientationLandscapeLeft UIInterfaceOrientationLandscapeRight";
				INFOPLIST_KEY_UISupportedInterfaceOrientations_iPhone = "UIInterfaceOrientationPortrait UIInterfaceOrientationLandscapeLeft UIInterfaceOrientationLandscapeRight";
				LD_RUNPATH_SEARCH_PATHS = (
					"$(inherited)",
					"@executable_path/Frameworks",
				);
				MARKETING_VERSION = 1.0;
				PRODUCT_BUNDLE_IDENTIFIER = com.Ibrahim.MapkitTest;
				PRODUCT_NAME = "$(TARGET_NAME)";
				SWIFT_EMIT_LOC_STRINGS = YES;
				SWIFT_VERSION = 5.0;
				TARGETED_DEVICE_FAMILY = "1,2";
			};
			name = Release;
		};
/* End XCBuildConfiguration section */

/* Begin XCConfigurationList section */
		25170EA62889B649005EA984 /* Build configuration list for PBXProject "MapkitTest" */ = {
			isa = XCConfigurationList;
			buildConfigurations = (
				25170EBD2889B64A005EA984 /* Debug */,
				25170EBE2889B64A005EA984 /* Release */,
			);
			defaultConfigurationIsVisible = 0;
			defaultConfigurationName = Release;
		};
		25170EBF2889B64A005EA984 /* Build configuration list for PBXNativeTarget "MapkitTest" */ = {
			isa = XCConfigurationList;
			buildConfigurations = (
				25170EC02889B64A005EA984 /* Debug */,
				25170EC12889B64A005EA984 /* Release */,
			);
			defaultConfigurationIsVisible = 0;
			defaultConfigurationName = Release;
		};
/* End XCConfigurationList section */
	};
	rootObject = 25170EA32889B649005EA984 /* Project object */;
}
